{
  "name": "github-contrib-stats",
  "version": "1.0.2",
  "lockfileVersion": 1,
  "requires": true,
  "dependencies": {
    "@octokit/auth-token": {
      "version": "2.4.3",
      "resolved": "https://registry.npmjs.org/@octokit/auth-token/-/auth-token-2.4.3.tgz",
      "integrity": "sha512-fdGoOQ3kQJh+hrilc0Plg50xSfaCKOeYN9t6dpJKXN9BxhhfquL0OzoQXg3spLYymL5rm29uPeI3KEXRaZQ9zg==",
      "requires": {
        "@octokit/types": "^5.0.0"
      }
    },
    "@octokit/core": {
      "version": "3.2.1",
      "resolved": "https://registry.npmjs.org/@octokit/core/-/core-3.2.1.tgz",
      "integrity": "sha512-XfFSDDwv6tclUenS0EmB6iA7u+4aOHBT1Lz4PtQNQQg3hBbNaR/+Uv5URU+egeIuuGAiMRiDyY92G4GBOWOqDA==",
      "requires": {
        "@octokit/auth-token": "^2.4.0",
        "@octokit/graphql": "^4.3.1",
        "@octokit/request": "^5.4.0",
        "@octokit/types": "^5.0.0",
        "before-after-hook": "^2.1.0",
        "universal-user-agent": "^6.0.0"
      }
    },
    "@octokit/endpoint": {
      "version": "6.0.9",
      "resolved": "https://registry.npmjs.org/@octokit/endpoint/-/endpoint-6.0.9.tgz",
      "integrity": "sha512-3VPLbcCuqji4IFTclNUtGdp9v7g+nspWdiCUbK3+iPMjJCZ6LEhn1ts626bWLOn0GiDb6j+uqGvPpqLnY7pBgw==",
      "requires": {
        "@octokit/types": "^5.0.0",
        "is-plain-object": "^5.0.0",
        "universal-user-agent": "^6.0.0"
      }
    },
    "@octokit/graphql": {
      "version": "4.5.7",
      "resolved": "https://registry.npmjs.org/@octokit/graphql/-/graphql-4.5.7.tgz",
      "integrity": "sha512-Gk0AR+DcwIK/lK/GX+OQ99UqtenQhcbrhHHfOYlrCQe17ADnX3EKAOKRsAZ9qZvpi5MuwWm/Nm+9aO2kTDSdyA==",
      "requires": {
        "@octokit/request": "^5.3.0",
        "@octokit/types": "^5.0.0",
        "universal-user-agent": "^6.0.0"
      }
    },
    "@octokit/plugin-paginate-rest": {
      "version": "2.6.0",
      "resolved": "https://registry.npmjs.org/@octokit/plugin-paginate-rest/-/plugin-paginate-rest-2.6.0.tgz",
      "integrity": "sha512-o+O8c1PqsC5++BHXfMZabRRsBIVb34tXPWyQLyp2IXq5MmkxdipS7TXM4Y9ldL1PzY9CTrCsn/lzFFJGM3oRRA==",
      "requires": {
        "@octokit/types": "^5.5.0"
      }
    },
    "@octokit/plugin-request-log": {
      "version": "1.0.2",
      "resolved": "https://registry.npmjs.org/@octokit/plugin-request-log/-/plugin-request-log-1.0.2.tgz",
      "integrity": "sha512-oTJSNAmBqyDR41uSMunLQKMX0jmEXbwD1fpz8FG27lScV3RhtGfBa1/BBLym+PxcC16IBlF7KH9vP1BUYxA+Eg=="
    },
    "@octokit/plugin-rest-endpoint-methods": {
      "version": "4.2.0",
      "resolved": "https://registry.npmjs.org/@octokit/plugin-rest-endpoint-methods/-/plugin-rest-endpoint-methods-4.2.0.tgz",
      "integrity": "sha512-1/qn1q1C1hGz6W/iEDm9DoyNoG/xdFDt78E3eZ5hHeUfJTLJgyAMdj9chL/cNBHjcjd+FH5aO1x0VCqR2RE0mw==",
      "requires": {
        "@octokit/types": "^5.5.0",
        "deprecation": "^2.3.1"
      }
    },
    "@octokit/plugin-retry": {
      "version": "3.0.4",
      "resolved": "https://registry.npmjs.org/@octokit/plugin-retry/-/plugin-retry-3.0.4.tgz",
      "integrity": "sha512-E6TqaUvIzJM00dRAnlKUWlkVwJ4jup8zzCvmhx4eoK0lOc2jhiqn6P2tMH3OZky8VoWnjRO8IG9bHy164MlVrQ==",
      "requires": {
        "@octokit/types": "^5.0.0",
        "bottleneck": "^2.15.3"
      }
    },
    "@octokit/plugin-throttling": {
      "version": "3.3.3",
      "resolved": "https://registry.npmjs.org/@octokit/plugin-throttling/-/plugin-throttling-3.3.3.tgz",
      "integrity": "sha512-G9BLSE33Vijc45qRuQ8uGF8N1YOk0i8nKosgGJw8TRH+CRjoPDMxYuo28roGiHvFZ5t2KArbJlneZb499wApLA==",
      "requires": {
        "@octokit/types": "^5.5.0",
        "bottleneck": "^2.15.3"
      }
    },
    "@octokit/request": {
      "version": "5.4.10",
      "resolved": "https://registry.npmjs.org/@octokit/request/-/request-5.4.10.tgz",
      "integrity": "sha512-egA49HkqEORVGDZGav1mh+VD+7uLgOxtn5oODj6guJk0HCy+YBSYapFkSLFgeYj3Fr18ZULKGURkjyhkAChylw==",
      "requires": {
        "@octokit/endpoint": "^6.0.1",
        "@octokit/request-error": "^2.0.0",
        "@octokit/types": "^5.0.0",
        "deprecation": "^2.0.0",
        "is-plain-object": "^5.0.0",
        "node-fetch": "^2.6.1",
        "once": "^1.4.0",
        "universal-user-agent": "^6.0.0"
      }
    },
    "@octokit/request-error": {
      "version": "2.0.3",
      "resolved": "https://registry.npmjs.org/@octokit/request-error/-/request-error-2.0.3.tgz",
      "integrity": "sha512-GgD5z8Btm301i2zfvJLk/mkhvGCdjQ7wT8xF9ov5noQY8WbKZDH9cOBqXzoeKd1mLr1xH2FwbtGso135zGBgTA==",
      "requires": {
        "@octokit/types": "^5.0.1",
        "deprecation": "^2.0.0",
        "once": "^1.4.0"
      }
    },
    "@octokit/rest": {
      "version": "18.0.8",
      "resolved": "https://registry.npmjs.org/@octokit/rest/-/rest-18.0.8.tgz",
      "integrity": "sha512-crYqQWFS/75o+FSE2Ejpt0Tk9FgkQ4aGvToptqbnvlfViE/C4hVAtmn/X0emQ8Q3wg1tYXYNIcuG1XXSOEeARg==",
      "requires": {
        "@octokit/core": "^3.0.0",
        "@octokit/plugin-paginate-rest": "^2.2.0",
        "@octokit/plugin-request-log": "^1.0.0",
        "@octokit/plugin-rest-endpoint-methods": "4.2.0"
      }
    },
    "@octokit/types": {
      "version": "5.5.0",
      "resolved": "https://registry.npmjs.org/@octokit/types/-/types-5.5.0.tgz",
      "integrity": "sha512-UZ1pErDue6bZNjYOotCNveTXArOMZQFG6hKJfOnGnulVCMcVVi7YIIuuR4WfBhjo7zgpmzn/BkPDnUXtNx+PcQ==",
      "requires": {
        "@types/node": ">= 8"
      }
    },
    "@types/node": {
      "version": "14.14.6",
      "resolved": "https://registry.npmjs.org/@types/node/-/node-14.14.6.tgz",
      "integrity": "sha512-6QlRuqsQ/Ox/aJEQWBEJG7A9+u7oSYl3mem/K8IzxXG/kAGbV1YPD9Bg9Zw3vyxC/YP+zONKwy8hGkSt1jxFMw=="
    },
    "ansi-styles": {
      "version": "4.3.0",
      "resolved": "https://registry.npmjs.org/ansi-styles/-/ansi-styles-4.3.0.tgz",
      "integrity": "sha512-zbB9rCJAT1rbjiVDb2hqKFHNYLxgtk8NURxZ3IZwD3F6NtxbXZQCnnSi1Lkx+IDohdPlFp222wVALIheZJQSEg==",
      "requires": {
        "color-convert": "^2.0.1"
      }
    },
    "axios": {
      "version": "0.21.0",
      "resolved": "https://registry.npmjs.org/axios/-/axios-0.21.0.tgz",
      "integrity": "sha512-fmkJBknJKoZwem3/IKSSLpkdNXZeBu5Q7GA/aRsr2btgrptmSCxi2oFjZHqGdK9DoTil9PIHlPIZw2EcRJXRvw==",
      "requires": {
        "follow-redirects": "^1.10.0"
      }
    },
    "before-after-hook": {
      "version": "2.1.0",
      "resolved": "https://registry.npmjs.org/before-after-hook/-/before-after-hook-2.1.0.tgz",
      "integrity": "sha512-IWIbu7pMqyw3EAJHzzHbWa85b6oud/yfKYg5rqB5hNE8CeMi3nX+2C2sj0HswfblST86hpVEOAb9x34NZd6P7A=="
    },
    "bottleneck": {
      "version": "2.19.5",
      "resolved": "https://registry.npmjs.org/bottleneck/-/bottleneck-2.19.5.tgz",
      "integrity": "sha512-VHiNCbI1lKdl44tGrhNfU3lup0Tj/ZBMJB5/2ZbNXRCPuRCO7ed2mgcK4r17y+KB2EfuYuRaVlwNbAeaWGSpbw=="
    },
    "chalk": {
      "version": "4.1.0",
      "resolved": "https://registry.npmjs.org/chalk/-/chalk-4.1.0.tgz",
      "integrity": "sha512-qwx12AxXe2Q5xQ43Ac//I6v5aXTipYrSESdOgzrN+9XjgEpyjpKuvSGaN4qE93f7TQTlerQQ8S+EQ0EyDoVL1A==",
      "requires": {
        "ansi-styles": "^4.1.0",
        "supports-color": "^7.1.0"
      }
    },
    "color-convert": {
      "version": "2.0.1",
      "resolved": "https://registry.npmjs.org/color-convert/-/color-convert-2.0.1.tgz",
      "integrity": "sha512-RRECPsj7iu/xb5oKYcsFHSppFNnsj/52OVTRKb4zP5onXwVF3zVmmToNcOfGC+CRDpfK/U584fMg38ZHCaElKQ==",
      "requires": {
        "color-name": "~1.1.4"
      }
    },
    "color-name": {
      "version": "1.1.4",
      "resolved": "https://registry.npmjs.org/color-name/-/color-name-1.1.4.tgz",
      "integrity": "sha512-dOy+3AuW3a2wNbZHIuMZpTcgjGuLU/uBL/ubcZF9OXbDo8ff4O8yVp5Bf0efS8uEoYo5q4Fx7dY9OgQGXgAsQA=="
    },
    "csv-writer": {
      "version": "1.6.0",
      "resolved": "https://registry.npmjs.org/csv-writer/-/csv-writer-1.6.0.tgz",
      "integrity": "sha512-NOx7YDFWEsM/fTRAJjRpPp8t+MKRVvniAg9wQlUKx20MFrPs73WLJhFf5iteqrxNYnsy924K3Iroh3yNHeYd2g=="
    },
    "deprecation": {
      "version": "2.3.1",
      "resolved": "https://registry.npmjs.org/deprecation/-/deprecation-2.3.1.tgz",
      "integrity": "sha512-xmHIy4F3scKVwMsQ4WnVaS8bHOx0DmVwRywosKhaILI0ywMDWPtBSku2HNxRvF7jtwDRsoEwYQSfbxj8b7RlJQ=="
    },
    "dotenv": {
      "version": "8.2.0",
      "resolved": "https://registry.npmjs.org/dotenv/-/dotenv-8.2.0.tgz",
      "integrity": "sha512-8sJ78ElpbDJBHNeBzUbUVLsqKdccaa/BXF1uPTw3GrvQTBgrQrtObr2mUrE38vzYd8cEv+m/JBfDLioYcfXoaw=="
    },
    "follow-redirects": {
      "version": "1.14.8",
      "resolved": "https://registry.npmjs.org/follow-redirects/-/follow-redirects-1.14.8.tgz",
      "integrity": "sha512-1x0S9UVJHsQprFcEC/qnNzBLcIxsjAV905f/UkQxbclCsoTWlacCNOpQa/anodLl2uaEKFhfWOvM2Qg77+15zA=="
    },
    "has-flag": {
      "version": "4.0.0",
      "resolved": "https://registry.npmjs.org/has-flag/-/has-flag-4.0.0.tgz",
      "integrity": "sha512-EykJT/Q1KjTWctppgIAgfSO0tKVuZUjhgMr17kqTumMl6Afv3EISleU7qZUzoXDFTAHTDC4NOoG/ZxU3EvlMPQ=="
    },
    "is-plain-object": {
      "version": "5.0.0",
      "resolved": "https://registry.npmjs.org/is-plain-object/-/is-plain-object-5.0.0.tgz",
      "integrity": "sha512-VRSzKkbMm5jMDoKLbltAkFQ5Qr7VDiTFGXxYFXXowVj387GeGNOCsOH6Msy00SGZ3Fp84b1Naa1psqgcCIEP5Q=="
    },
    "node-fetch": {
      "version": "2.6.1",
      "resolved": "https://registry.npmjs.org/node-fetch/-/node-fetch-2.6.1.tgz",
      "integrity": "sha512-V4aYg89jEoVRxRb2fJdAg8FHvI7cEyYdVAh94HH0UIK8oJxUfkjlDQN9RbMx+bEjP7+ggMiFRprSti032Oipxw=="
    },
    "once": {
      "version": "1.4.0",
      "resolved": "https://registry.npmjs.org/once/-/once-1.4.0.tgz",
      "integrity": "sha1-WDsap3WWHUsROsF9nFC6753Xa9E=",
      "requires": {
        "wrappy": "1"
      }
    },
    "supports-color": {
      "version": "7.2.0",
      "resolved": "https://registry.npmjs.org/supports-color/-/supports-color-7.2.0.tgz",
      "integrity": "sha512-qpCAvRl9stuOHveKsn7HncJRvv501qIacKzQlO/+Lwxc9+0q2wLyv4Dfvt80/DPn2pqOBsJdDiogXGR9+OvwRw==",
      "requires": {
        "has-flag": "^4.0.0"
      }
    },
    "universal-user-agent": {
      "version": "6.0.0",
      "resolved": "https://registry.npmjs.org/universal-user-agent/-/universal-user-agent-6.0.0.tgz",
      "integrity": "sha512-isyNax3wXoKaulPDZWHQqbmIx1k2tb9fb3GGDBRxCscfYV2Ch7WxPArBsFEG8s/safwXTT7H4QGhaIkTp9447w=="
    },
    "wrappy": {
      "version": "1.0.2",
      "resolved": "https://registry.npmjs.org/wrappy/-/wrappy-1.0.2.tgz",
      "integrity": "sha1-tSQ9jz7BqjXxNkYFvA0QNuMKtp8="
    }
  }
}
